{
    "version": 3,
    "terraform_version": "0.11.3",
    "serial": 34,
    "lineage": "5baac0ec-ad96-446e-8b56-9a74d2f048da",
    "modules": [
        {
            "path": [
                "root"
            ],
            "outputs": {},
            "resources": {
                "aws_instance.app": {
                    "type": "aws_instance",
                    "depends_on": [
                        "aws_security_group.allow_all",
                        "aws_subnet.app",
                        "data.template_file.app_init"
                    ],
                    "primary": {
                        "id": "i-06a58f9b264f8069b",
                        "attributes": {
                            "ami": "ami-5db8d324",
                            "associate_public_ip_address": "true",
                            "availability_zone": "eu-west-1c",
                            "disable_api_termination": "false",
                            "ebs_block_device.#": "0",
                            "ebs_optimized": "false",
                            "ephemeral_block_device.#": "0",
                            "iam_instance_profile": "",
                            "id": "i-06a58f9b264f8069b",
                            "instance_state": "running",
                            "instance_type": "t2.micro",
                            "ipv6_addresses.#": "0",
                            "key_name": "",
                            "monitoring": "false",
                            "network_interface.#": "0",
                            "network_interface_id": "eni-d76e81e4",
                            "placement_group": "",
                            "primary_network_interface_id": "eni-d76e81e4",
                            "private_dns": "ip-10-2-0-156.eu-west-1.compute.internal",
                            "private_ip": "10.2.0.156",
                            "public_dns": "",
                            "public_ip": "34.245.84.71",
                            "root_block_device.#": "1",
                            "root_block_device.0.delete_on_termination": "true",
                            "root_block_device.0.iops": "100",
                            "root_block_device.0.volume_id": "vol-07e5378f6ead26d58",
                            "root_block_device.0.volume_size": "8",
                            "root_block_device.0.volume_type": "gp2",
                            "security_groups.#": "0",
                            "source_dest_check": "true",
                            "subnet_id": "subnet-32718a7a",
                            "tags.%": "1",
                            "tags.Name": "Jonathan-Terraform-App",
                            "tenancy": "default",
                            "user_data": "8e971dc89e84e3ebebfdd40b1376ea13c633e3ec",
                            "volume_tags.%": "0",
                            "vpc_security_group_ids.#": "1",
                            "vpc_security_group_ids.2406821318": "sg-2861b852"
                        },
                        "meta": {
                            "e2bfb730-ecaa-11e6-8f88-34363bc7c4c0": {
                                "create": 600000000000,
                                "delete": 600000000000,
                                "update": 600000000000
                            },
                            "schema_version": "1"
                        },
                        "tainted": false
                    },
                    "deposed": [],
                    "provider": "provider.aws"
                },
                "aws_internet_gateway.gw": {
                    "type": "aws_internet_gateway",
                    "depends_on": [
                        "aws_vpc.main"
                    ],
                    "primary": {
                        "id": "igw-5bed563c",
                        "attributes": {
                            "id": "igw-5bed563c",
                            "tags.%": "1",
                            "tags.Name": "Jonathan-Gateway",
                            "vpc_id": "vpc-6c52830a"
                        },
                        "meta": {},
                        "tainted": false
                    },
                    "deposed": [],
                    "provider": "provider.aws"
                },
                "aws_route_table.public": {
                    "type": "aws_route_table",
                    "depends_on": [
                        "aws_internet_gateway.gw",
                        "aws_vpc.main"
                    ],
                    "primary": {
                        "id": "rtb-0da84f74",
                        "attributes": {
                            "id": "rtb-0da84f74",
                            "propagating_vgws.#": "0",
                            "route.#": "1",
                            "route.3923406182.cidr_block": "0.0.0.0/0",
                            "route.3923406182.egress_only_gateway_id": "",
                            "route.3923406182.gateway_id": "igw-5bed563c",
                            "route.3923406182.instance_id": "",
                            "route.3923406182.ipv6_cidr_block": "",
                            "route.3923406182.nat_gateway_id": "",
                            "route.3923406182.network_interface_id": "",
                            "route.3923406182.vpc_peering_connection_id": "",
                            "tags.%": "1",
                            "tags.Name": "Jonathan-Public",
                            "vpc_id": "vpc-6c52830a"
                        },
                        "meta": {},
                        "tainted": false
                    },
                    "deposed": [],
                    "provider": "provider.aws"
                },
                "aws_route_table_association.a": {
                    "type": "aws_route_table_association",
                    "depends_on": [
                        "aws_route_table.public",
                        "aws_subnet.app"
                    ],
                    "primary": {
                        "id": "rtbassoc-bd66c6c5",
                        "attributes": {
                            "id": "rtbassoc-bd66c6c5",
                            "route_table_id": "rtb-0da84f74",
                            "subnet_id": "subnet-32718a7a"
                        },
                        "meta": {},
                        "tainted": false
                    },
                    "deposed": [],
                    "provider": "provider.aws"
                },
                "aws_security_group.allow_all": {
                    "type": "aws_security_group",
                    "depends_on": [
                        "aws_vpc.main"
                    ],
                    "primary": {
                        "id": "sg-2861b852",
                        "attributes": {
                            "description": "Allow all inbound traffic",
                            "egress.#": "1",
                            "egress.482069346.cidr_blocks.#": "1",
                            "egress.482069346.cidr_blocks.0": "0.0.0.0/0",
                            "egress.482069346.description": "",
                            "egress.482069346.from_port": "0",
                            "egress.482069346.ipv6_cidr_blocks.#": "0",
                            "egress.482069346.prefix_list_ids.#": "0",
                            "egress.482069346.protocol": "-1",
                            "egress.482069346.security_groups.#": "0",
                            "egress.482069346.self": "false",
                            "egress.482069346.to_port": "0",
                            "id": "sg-2861b852",
                            "ingress.#": "1",
                            "ingress.2214680975.cidr_blocks.#": "1",
                            "ingress.2214680975.cidr_blocks.0": "0.0.0.0/0",
                            "ingress.2214680975.description": "",
                            "ingress.2214680975.from_port": "80",
                            "ingress.2214680975.ipv6_cidr_blocks.#": "0",
                            "ingress.2214680975.protocol": "tcp",
                            "ingress.2214680975.security_groups.#": "0",
                            "ingress.2214680975.self": "false",
                            "ingress.2214680975.to_port": "80",
                            "name": "jon-sg-terraform-app",
                            "owner_id": "135928476890",
                            "revoke_rules_on_delete": "false",
                            "tags.%": "1",
                            "tags.Name": "Jon-Sg-Terraform-App",
                            "vpc_id": "vpc-6c52830a"
                        },
                        "meta": {
                            "schema_version": "1"
                        },
                        "tainted": false
                    },
                    "deposed": [],
                    "provider": "provider.aws"
                },
                "aws_subnet.app": {
                    "type": "aws_subnet",
                    "depends_on": [
                        "aws_vpc.main"
                    ],
                    "primary": {
                        "id": "subnet-32718a7a",
                        "attributes": {
                            "assign_ipv6_address_on_creation": "false",
                            "availability_zone": "eu-west-1c",
                            "cidr_block": "10.2.0.0/24",
                            "id": "subnet-32718a7a",
                            "map_public_ip_on_launch": "true",
                            "tags.%": "1",
                            "tags.Name": "jon-subnet-terraform-app",
                            "vpc_id": "vpc-6c52830a"
                        },
                        "meta": {
                            "schema_version": "1"
                        },
                        "tainted": false
                    },
                    "deposed": [],
                    "provider": "provider.aws"
                },
                "aws_vpc.main": {
                    "type": "aws_vpc",
                    "depends_on": [],
                    "primary": {
                        "id": "vpc-6c52830a",
                        "attributes": {
                            "assign_generated_ipv6_cidr_block": "false",
                            "cidr_block": "10.2.0.0/16",
                            "default_network_acl_id": "acl-618bcc07",
                            "default_route_table_id": "rtb-d4ae49ad",
                            "default_security_group_id": "sg-e09e469a",
                            "dhcp_options_id": "dopt-18d5d77d",
                            "enable_classiclink": "false",
                            "enable_classiclink_dns_support": "false",
                            "enable_dns_hostnames": "false",
                            "enable_dns_support": "true",
                            "id": "vpc-6c52830a",
                            "instance_tenancy": "default",
                            "main_route_table_id": "rtb-d4ae49ad",
                            "tags.%": "1",
                            "tags.Name": "VPC-Jonathan"
                        },
                        "meta": {
                            "schema_version": "1"
                        },
                        "tainted": false
                    },
                    "deposed": [],
                    "provider": "provider.aws"
                },
                "data.template_file.app_init": {
                    "type": "template_file",
                    "depends_on": [],
                    "primary": {
                        "id": "79005fe930a5c47bd3320a98a0bd5b18520cce449e6b5e10895968f62f4a502d",
                        "attributes": {
                            "id": "79005fe930a5c47bd3320a98a0bd5b18520cce449e6b5e10895968f62f4a502d",
                            "rendered": "#!/bin/bash\n\ncd /home/ubuntu/app\nnode app.js",
                            "template": "#!/bin/bash\n\ncd /home/ubuntu/app\nnode app.js"
                        },
                        "meta": {},
                        "tainted": false
                    },
                    "deposed": [],
                    "provider": "provider.template"
                }
            },
            "depends_on": []
        }
    ]
}
